
Microsoft Visual Studio Solution File, Format Version 12.00
# Visual Studio Version 16
VisualStudioVersion = 16.0.30204.135
MinimumVisualStudioVersion = 10.0.40219.1
Project("{9A19103F-16F7-4668-BE54-9A1E7A4F7556}") = "JewelleryMine", "JewelleryMine.csproj", "{3CC316F5-121F-4D10-A065-D4E330F29C7D}"
EndProject
Global
	GlobalSection(SolutionConfigurationPlatforms) = preSolution
		Debug|Any CPU = Debug|Any CPU
		Release|Any CPU = Release|Any CPU
	EndGlobalSection
	GlobalSection(ProjectConfigurationPlatforms) = postSolution
		{3CC316F5-121F-4D10-A065-D4E330F29C7D}.Debug|Any CPU.ActiveCfg = Debug|Any CPU
		{3CC316F5-121F-4D10-A065-D4E330F29C7D}.Debug|Any CPU.Build.0 = Debug|Any CPU
		{3CC316F5-121F-4D10-A065-D4E330F29C7D}.Release|Any CPU.ActiveCfg = Release|Any CPU
		{3CC316F5-121F-4D10-A065-D4E330F29C7D}.Release|Any CPU.Build.0 = Release|Any CPU
		{1F6C3F65-79F4-4BA1-B4A9-90B7CF784468}.Debug|Any CPU.ActiveCfg = Debug|Any CPU
		{1F6C3F65-79F4-4BA1-B4A9-90B7CF784468}.Debug|Any CPU.Build.0 = Debug|Any CPU
		{1F6C3F65-79F4-4BA1-B4A9-90B7CF784468}.Release|Any CPU.ActiveCfg = Release|Any CPU
		{1F6C3F65-79F4-4BA1-B4A9-90B7CF784468}.Release|Any CPU.Build.0 = Release|Any CPU
	EndGlobalSection
	GlobalSection(SolutionProperties) = preSolution
		HideSolutionNode = FALSE
	EndGlobalSection
	GlobalSection(ExtensibilityGlobals) = postSolution
		SolutionGuid = {34C52A08-260D-4B54-9DCC-4724369519FB}
	EndGlobalSection
EndGlobal
